
Microsoft Visual Studio Solution File, Format Version 12.00
# Visual Studio Version 17
VisualStudioVersion = 17.10.35013.160
MinimumVisualStudioVersion = 10.0.40219.1
Project("{FAE04EC0-301F-11D3-BF4B-00C04F79EFBC}") = "WebApplication", "WebApplication\WebApplication.csproj", "{29589962-6395-44A0-ABC5-62F525017BAD}"
EndProject
Global
	GlobalSection(SolutionConfigurationPlatforms) = preSolution
		Debug|Any CPU = Debug|Any CPU
		Release|Any CPU = Release|Any CPU
	EndGlobalSection
	GlobalSection(ProjectConfigurationPlatforms) = postSolution
		{29589962-6395-44A0-ABC5-62F525017BAD}.Debug|Any CPU.ActiveCfg = Debug|Any CPU
		{29589962-6395-44A0-ABC5-62F525017BAD}.Debug|Any CPU.Build.0 = Debug|Any CPU
		{29589962-6395-44A0-ABC5-62F525017BAD}.Release|Any CPU.ActiveCfg = Release|Any CPU
		{29589962-6395-44A0-ABC5-62F525017BAD}.Release|Any CPU.Build.0 = Release|Any CPU
	EndGlobalSection
	GlobalSection(SolutionProperties) = preSolution
		HideSolutionNode = FALSE
	EndGlobalSection
	GlobalSection(ExtensibilityGlobals) = postSolution
		SolutionGuid = {C117C47A-45F5-4E79-ABF7-F08609C14834}
	EndGlobalSection
EndGlobal
